
Microsoft Visual Studio Solution File, Format Version 12.00
# Visual Studio Version 17
VisualStudioVersion = 17.13.35913.81 d17.13
MinimumVisualStudioVersion = 10.0.40219.1
Project("{888888A0-9F3D-457C-B088-3A5042F75D52}") = "PythonAppDataset", "PythonAppDataset.pyproj", "{F35780B9-BEE9-4CA9-ABD1-D6378401FEC3}"
EndProject
Global
	GlobalSection(SolutionConfigurationPlatforms) = preSolution
		Debug|Any CPU = Debug|Any CPU
		Release|Any CPU = Release|Any CPU
	EndGlobalSection
	GlobalSection(ProjectConfigurationPlatforms) = postSolution
		{F35780B9-BEE9-4CA9-ABD1-D6378401FEC3}.Debug|Any CPU.ActiveCfg = Debug|Any CPU
		{F35780B9-BEE9-4CA9-ABD1-D6378401FEC3}.Release|Any CPU.ActiveCfg = Release|Any CPU
	EndGlobalSection
	GlobalSection(SolutionProperties) = preSolution
		HideSolutionNode = FALSE
	EndGlobalSection
	GlobalSection(ExtensibilityGlobals) = postSolution
		SolutionGuid = {2A4E0626-75A3-410D-B3E6-33E807E10D41}
	EndGlobalSection
EndGlobal
