
Microsoft Visual Studio Solution File, Format Version 12.00
# Visual Studio Version 17
VisualStudioVersion = 17.13.35828.75 d17.13
MinimumVisualStudioVersion = 10.0.40219.1
Project("{FAE04EC0-301F-11D3-BF4B-00C04F79EFBC}") = "AppHuggingFaceDs", "AppHuggingFaceDs.csproj", "{C2721A41-660B-4329-9E22-7332E5528D8C}"
EndProject
Global
	GlobalSection(SolutionConfigurationPlatforms) = preSolution
		Debug|Any CPU = Debug|Any CPU
		Release|Any CPU = Release|Any CPU
	EndGlobalSection
	GlobalSection(ProjectConfigurationPlatforms) = postSolution
		{C2721A41-660B-4329-9E22-7332E5528D8C}.Debug|Any CPU.ActiveCfg = Debug|Any CPU
		{C2721A41-660B-4329-9E22-7332E5528D8C}.Debug|Any CPU.Build.0 = Debug|Any CPU
		{C2721A41-660B-4329-9E22-7332E5528D8C}.Release|Any CPU.ActiveCfg = Release|Any CPU
		{C2721A41-660B-4329-9E22-7332E5528D8C}.Release|Any CPU.Build.0 = Release|Any CPU
	EndGlobalSection
	GlobalSection(SolutionProperties) = preSolution
		HideSolutionNode = FALSE
	EndGlobalSection
	GlobalSection(ExtensibilityGlobals) = postSolution
		SolutionGuid = {D4BDF5BE-588B-463B-9114-3B6BBF7C427D}
	EndGlobalSection
EndGlobal
